
Microsoft Visual Studio Solution File, Format Version 12.00
# Visual Studio Version 16
VisualStudioVersion = 16.0.31702.278
MinimumVisualStudioVersion = 10.0.40219.1
Project("{8BC9CEB8-8B4A-11D0-8D11-00A0C91BC942}") = "two_circles", "two_circles\two_circles.vcxproj", "{1DDB0054-BE82-4A63-8BBB-6126ED682770}"
EndProject
Global
	GlobalSection(SolutionConfigurationPlatforms) = preSolution
		Debug|x64 = Debug|x64
		Debug|x86 = Debug|x86
		Release|x64 = Release|x64
		Release|x86 = Release|x86
	EndGlobalSection
	GlobalSection(ProjectConfigurationPlatforms) = postSolution
		{1DDB0054-BE82-4A63-8BBB-6126ED682770}.Debug|x64.ActiveCfg = Debug|x64
		{1DDB0054-BE82-4A63-8BBB-6126ED682770}.Debug|x64.Build.0 = Debug|x64
		{1DDB0054-BE82-4A63-8BBB-6126ED682770}.Debug|x86.ActiveCfg = Debug|Win32
		{1DDB0054-BE82-4A63-8BBB-6126ED682770}.Debug|x86.Build.0 = Debug|Win32
		{1DDB0054-BE82-4A63-8BBB-6126ED682770}.Release|x64.ActiveCfg = Release|x64
		{1DDB0054-BE82-4A63-8BBB-6126ED682770}.Release|x64.Build.0 = Release|x64
		{1DDB0054-BE82-4A63-8BBB-6126ED682770}.Release|x86.ActiveCfg = Release|Win32
		{1DDB0054-BE82-4A63-8BBB-6126ED682770}.Release|x86.Build.0 = Release|Win32
	EndGlobalSection
	GlobalSection(SolutionProperties) = preSolution
		HideSolutionNode = FALSE
	EndGlobalSection
	GlobalSection(ExtensibilityGlobals) = postSolution
		SolutionGuid = {0E671CAB-EEAC-4C12-8DC9-ED694C48565D}
	EndGlobalSection
EndGlobal
